// !$*UTF8*$!
{
	archiveVersion = 1;
	classes = {
	};
	objectVersion = 46;
	objects = {

/* Begin PBXBuildFile section */
		9EA51ED41DF7B08A001FACAD /* main.m in Sources */ = {isa = PBXBuildFile; fileRef = 9EA51ED31DF7B08A001FACAD /* main.m */; };
		9EA51ED71DF7B08A001FACAD /* AppDelegate.m in Sources */ = {isa = PBXBuildFile; fileRef = 9EA51ED61DF7B08A001FACAD /* AppDelegate.m */; };
		9EA51EDA1DF7B08A001FACAD /* ViewController.m in Sources */ = {isa = PBXBuildFile; fileRef = 9EA51ED91DF7B08A001FACAD /* ViewController.m */; };
		9EA51EDD1DF7B08A001FACAD /* Main.storyboard in Resources */ = {isa = PBXBuildFile; fileRef = 9EA51EDB1DF7B08A001FACAD /* Main.storyboard */; };
		9EA51EDF1DF7B08A001FACAD /* Assets.xcassets in Resources */ = {isa = PBXBuildFile; fileRef = 9EA51EDE1DF7B08A001FACAD /* Assets.xcassets */; };
		9EA51EE21DF7B08A001FACAD /* LaunchScreen.storyboard in Resources */ = {isa = PBXBuildFile; fileRef = 9EA51EE01DF7B08A001FACAD /* LaunchScreen.storyboard */; };
		9EA51EED1DF7B08A001FACAD /* CAGradientLayerTests.m in Sources */ = {isa = PBXBuildFile; fileRef = 9EA51EEC1DF7B08A001FACAD /* CAGradientLayerTests.m */; };
		9EA51EF81DF7B08A001FACAD /* CAGradientLayerUITests.m in Sources */ = {isa = PBXBuildFile; fileRef = 9EA51EF71DF7B08A001FACAD /* CAGradientLayerUITests.m */; };
		9EA51F081DF7DCC5001FACAD /* ViewController1.m in Sources */ = {isa = PBXBuildFile; fileRef = 9EA51F071DF7DCC5001FACAD /* ViewController1.m */; };
		9EA51F0B1DF7DCD0001FACAD /* ViewController2.m in Sources */ = {isa = PBXBuildFile; fileRef = 9EA51F0A1DF7DCD0001FACAD /* ViewController2.m */; };
		9EA51F111DF7FEF5001FACAD /* TableViewController.m in Sources */ = {isa = PBXBuildFile; fileRef = 9EA51F101DF7FEF5001FACAD /* TableViewController.m */; };
/* End PBXBuildFile section */

/* Begin PBXContainerItemProxy section */
		9EA51EE91DF7B08A001FACAD /* PBXContainerItemProxy */ = {
			isa = PBXContainerItemProxy;
			containerPortal = 9EA51EC71DF7B08A001FACAD /* Project object */;
			proxyType = 1;
			remoteGlobalIDString = 9EA51ECE1DF7B08A001FACAD;
			remoteInfo = CAGradientLayer;
		};
		9EA51EF41DF7B08A001FACAD /* PBXContainerItemProxy */ = {
			isa = PBXContainerItemProxy;
			containerPortal = 9EA51EC71DF7B08A001FACAD /* Project object */;
			proxyType = 1;
			remoteGlobalIDString = 9EA51ECE1DF7B08A001FACAD;
			remoteInfo = CAGradientLayer;
		};
/* End PBXContainerItemProxy section */

/* Begin PBXFileReference section */
		9EA51ECF1DF7B08A001FACAD /* CAGradientLayer.app */ = {isa = PBXFileReference; explicitFileType = wrapper.application; includeInIndex = 0; path = CAGradientLayer.app; sourceTree = BUILT_PRODUCTS_DIR; };
		9EA51ED31DF7B08A001FACAD /* main.m */ = {isa = PBXFileReference; lastKnownFileType = sourcecode.c.objc; path = main.m; sourceTree = "<group>"; };
		9EA51ED51DF7B08A001FACAD /* AppDelegate.h */ = {isa = PBXFileReference; lastKnownFileType = sourcecode.c.h; path = AppDelegate.h; sourceTree = "<group>"; };
		9EA51ED61DF7B08A001FACAD /* AppDelegate.m */ = {isa = PBXFileReference; lastKnownFileType = sourcecode.c.objc; path = AppDelegate.m; sourceTree = "<group>"; };
		9EA51ED81DF7B08A001FACAD /* ViewController.h */ = {isa = PBXFileReference; lastKnownFileType = sourcecode.c.h; path = ViewController.h; sourceTree = "<group>"; };
		9EA51ED91DF7B08A001FACAD /* ViewController.m */ = {isa = PBXFileReference; lastKnownFileType = sourcecode.c.objc; path = ViewController.m; sourceTree = "<group>"; };
		9EA51EDC1DF7B08A001FACAD /* Base */ = {isa = PBXFileReference; lastKnownFileType = file.storyboard; name = Base; path = Base.lproj/Main.storyboard; sourceTree = "<group>"; };
		9EA51EDE1DF7B08A001FACAD /* Assets.xcassets */ = {isa = PBXFileReference; lastKnownFileType = folder.assetcatalog; path = Assets.xcassets; sourceTree = "<group>"; };
		9EA51EE11DF7B08A001FACAD /* Base */ = {isa = PBXFileReference; lastKnownFileType = file.storyboard; name = Base; path = Base.lproj/LaunchScreen.storyboard; sourceTree = "<group>"; };
		9EA51EE31DF7B08A001FACAD /* Info.plist */ = {isa = PBXFileReference; lastKnownFileType = text.plist.xml; path = Info.plist; sourceTree = "<group>"; };
		9EA51EE81DF7B08A001FACAD /* CAGradientLayerTests.xctest */ = {isa = PBXFileReference; explicitFileType = wrapper.cfbundle; includeInIndex = 0; path = CAGradientLayerTests.xctest; sourceTree = BUILT_PRODUCTS_DIR; };
		9EA51EEC1DF7B08A001FACAD /* CAGradientLayerTests.m */ = {isa = PBXFileReference; lastKnownFileType = sourcecode.c.objc; path = CAGradientLayerTests.m; sourceTree = "<group>"; };
		9EA51EEE1DF7B08A001FACAD /* Info.plist */ = {isa = PBXFileReference; lastKnownFileType = text.plist.xml; path = Info.plist; sourceTree = "<group>"; };
		9EA51EF31DF7B08A001FACAD /* CAGradientLayerUITests.xctest */ = {isa = PBXFileReference; explicitFileType = wrapper.cfbundle; includeInIndex = 0; path = CAGradientLayerUITests.xctest; sourceTree = BUILT_PRODUCTS_DIR; };
		9EA51EF71DF7B08A001FACAD /* CAGradientLayerUITests.m */ = {isa = PBXFileReference; lastKnownFileType = sourcecode.c.objc; path = CAGradientLayerUITests.m; sourceTree = "<group>"; };
		9EA51EF91DF7B08A001FACAD /* Info.plist */ = {isa = PBXFileReference; lastKnownFileType = text.plist.xml; path = Info.plist; sourceTree = "<group>"; };
		9EA51F061DF7DCC5001FACAD /* ViewController1.h */ = {isa = PBXFileReference; fileEncoding = 4; lastKnownFileType = sourcecode.c.h; path = ViewController1.h; sourceTree = "<group>"; };
		9EA51F071DF7DCC5001FACAD /* ViewController1.m */ = {isa = PBXFileReference; fileEncoding = 4; lastKnownFileType = sourcecode.c.objc; path = ViewController1.m; sourceTree = "<group>"; };
		9EA51F091DF7DCD0001FACAD /* ViewController2.h */ = {isa = PBXFileReference; fileEncoding = 4; lastKnownFileType = sourcecode.c.h; path = ViewController2.h; sourceTree = "<group>"; };
		9EA51F0A1DF7DCD0001FACAD /* ViewController2.m */ = {isa = PBXFileReference; fileEncoding = 4; lastKnownFileType = sourcecode.c.objc; path = ViewController2.m; sourceTree = "<group>"; };
		9EA51F0F1DF7FEF5001FACAD /* TableViewController.h */ = {isa = PBXFileReference; fileEncoding = 4; lastKnownFileType = sourcecode.c.h; path = TableViewController.h; sourceTree = "<group>"; };
		9EA51F101DF7FEF5001FACAD /* TableViewController.m */ = {isa = PBXFileReference; fileEncoding = 4; lastKnownFileType = sourcecode.c.objc; path = TableViewController.m; sourceTree = "<group>"; };
/* End PBXFileReference section */

/* Begin PBXFrameworksBuildPhase section */
		9EA51ECC1DF7B08A001FACAD /* Frameworks */ = {
			isa = PBXFrameworksBuildPhase;
			buildActionMask = 2147483647;
			files = (
			);
			runOnlyForDeploymentPostprocessing = 0;
		};
		9EA51EE51DF7B08A001FACAD /* Frameworks */ = {
			isa = PBXFrameworksBuildPhase;
			buildActionMask = 2147483647;
			files = (
			);
			runOnlyForDeploymentPostprocessing = 0;
		};
		9EA51EF01DF7B08A001FACAD /* Frameworks */ = {
			isa = PBXFrameworksBuildPhase;
			buildActionMask = 2147483647;
			files = (
			);
			runOnlyForDeploymentPostprocessing = 0;
		};
/* End PBXFrameworksBuildPhase section */

/* Begin PBXGroup section */
		9EA51EC61DF7B08A001FACAD = {
			isa = PBXGroup;
			children = (
				9EA51ED11DF7B08A001FACAD /* CAGradientLayer */,
				9EA51EEB1DF7B08A001FACAD /* CAGradientLayerTests */,
				9EA51EF61DF7B08A001FACAD /* CAGradientLayerUITests */,
				9EA51ED01DF7B08A001FACAD /* Products */,
			);
			sourceTree = "<group>";
		};
		9EA51ED01DF7B08A001FACAD /* Products */ = {
			isa = PBXGroup;
			children = (
				9EA51ECF1DF7B08A001FACAD /* CAGradientLayer.app */,
				9EA51EE81DF7B08A001FACAD /* CAGradientLayerTests.xctest */,
				9EA51EF31DF7B08A001FACAD /* CAGradientLayerUITests.xctest */,
			);
			name = Products;
			sourceTree = "<group>";
		};
		9EA51ED11DF7B08A001FACAD /* CAGradientLayer */ = {
			isa = PBXGroup;
			children = (
				9EA51ED51DF7B08A001FACAD /* AppDelegate.h */,
				9EA51ED61DF7B08A001FACAD /* AppDelegate.m */,
				9EA51F0F1DF7FEF5001FACAD /* TableViewController.h */,
				9EA51F101DF7FEF5001FACAD /* TableViewController.m */,
				9EA51ED81DF7B08A001FACAD /* ViewController.h */,
				9EA51ED91DF7B08A001FACAD /* ViewController.m */,
				9EA51F061DF7DCC5001FACAD /* ViewController1.h */,
				9EA51F071DF7DCC5001FACAD /* ViewController1.m */,
				9EA51F091DF7DCD0001FACAD /* ViewController2.h */,
				9EA51F0A1DF7DCD0001FACAD /* ViewController2.m */,
				9EA51EDB1DF7B08A001FACAD /* Main.storyboard */,
				9EA51EDE1DF7B08A001FACAD /* Assets.xcassets */,
				9EA51EE01DF7B08A001FACAD /* LaunchScreen.storyboard */,
				9EA51EE31DF7B08A001FACAD /* Info.plist */,
				9EA51ED21DF7B08A001FACAD /* Supporting Files */,
			);
			path = CAGradientLayer;
			sourceTree = "<group>";
		};
		9EA51ED21DF7B08A001FACAD /* Supporting Files */ = {
			isa = PBXGroup;
			children = (
				9EA51ED31DF7B08A001FACAD /* main.m */,
			);
			name = "Supporting Files";
			sourceTree = "<group>";
		};
		9EA51EEB1DF7B08A001FACAD /* CAGradientLayerTests */ = {
			isa = PBXGroup;
			children = (
				9EA51EEC1DF7B08A001FACAD /* CAGradientLayerTests.m */,
				9EA51EEE1DF7B08A001FACAD /* Info.plist */,
			);
			path = CAGradientLayerTests;
			sourceTree = "<group>";
		};
		9EA51EF61DF7B08A001FACAD /* CAGradientLayerUITests */ = {
			isa = PBXGroup;
			children = (
				9EA51EF71DF7B08A001FACAD /* CAGradientLayerUITests.m */,
				9EA51EF91DF7B08A001FACAD /* Info.plist */,
			);
			path = CAGradientLayerUITests;
			sourceTree = "<group>";
		};
/* End PBXGroup section */

/* Begin PBXNativeTarget section */
		9EA51ECE1DF7B08A001FACAD /* CAGradientLayer */ = {
			isa = PBXNativeTarget;
			buildConfigurationList = 9EA51EFC1DF7B08A001FACAD /* Build configuration list for PBXNativeTarget "CAGradientLayer" */;
			buildPhases = (
				9EA51ECB1DF7B08A001FACAD /* Sources */,
				9EA51ECC1DF7B08A001FACAD /* Frameworks */,
				9EA51ECD1DF7B08A001FACAD /* Resources */,
			);
			buildRules = (
			);
			dependencies = (
			);
			name = CAGradientLayer;
			productName = CAGradientLayer;
			productReference = 9EA51ECF1DF7B08A001FACAD /* CAGradientLayer.app */;
			productType = "com.apple.product-type.application";
		};
		9EA51EE71DF7B08A001FACAD /* CAGradientLayerTests */ = {
			isa = PBXNativeTarget;
			buildConfigurationList = 9EA51EFF1DF7B08A001FACAD /* Build configuration list for PBXNativeTarget "CAGradientLayerTests" */;
			buildPhases = (
				9EA51EE41DF7B08A001FACAD /* Sources */,
				9EA51EE51DF7B08A001FACAD /* Frameworks */,
				9EA51EE61DF7B08A001FACAD /* Resources */,
			);
			buildRules = (
			);
			dependencies = (
				9EA51EEA1DF7B08A001FACAD /* PBXTargetDependency */,
			);
			name = CAGradientLayerTests;
			productName = CAGradientLayerTests;
			productReference = 9EA51EE81DF7B08A001FACAD /* CAGradientLayerTests.xctest */;
			productType = "com.apple.product-type.bundle.unit-test";
		};
		9EA51EF21DF7B08A001FACAD /* CAGradientLayerUITests */ = {
			isa = PBXNativeTarget;
			buildConfigurationList = 9EA51F021DF7B08A001FACAD /* Build configuration list for PBXNativeTarget "CAGradientLayerUITests" */;
			buildPhases = (
				9EA51EEF1DF7B08A001FACAD /* Sources */,
				9EA51EF01DF7B08A001FACAD /* Frameworks */,
				9EA51EF11DF7B08A001FACAD /* Resources */,
			);
			buildRules = (
			);
			dependencies = (
				9EA51EF51DF7B08A001FACAD /* PBXTargetDependency */,
			);
			name = CAGradientLayerUITests;
			productName = CAGradientLayerUITests;
			productReference = 9EA51EF31DF7B08A001FACAD /* CAGradientLayerUITests.xctest */;
			productType = "com.apple.product-type.bundle.ui-testing";
		};
/* End PBXNativeTarget section */

/* Begin PBXProject section */
		9EA51EC71DF7B08A001FACAD /* Project object */ = {
			isa = PBXProject;
			attributes = {
				LastUpgradeCheck = 0810;
				ORGANIZATIONNAME = zhuo;
				TargetAttributes = {
					9EA51ECE1DF7B08A001FACAD = {
						CreatedOnToolsVersion = 8.1;
						DevelopmentTeam = 638EB3H4SQ;
						ProvisioningStyle = Automatic;
					};
					9EA51EE71DF7B08A001FACAD = {
						CreatedOnToolsVersion = 8.1;
						ProvisioningStyle = Automatic;
						TestTargetID = 9EA51ECE1DF7B08A001FACAD;
					};
					9EA51EF21DF7B08A001FACAD = {
						CreatedOnToolsVersion = 8.1;
						ProvisioningStyle = Automatic;
						TestTargetID = 9EA51ECE1DF7B08A001FACAD;
					};
				};
			};
			buildConfigurationList = 9EA51ECA1DF7B08A001FACAD /* Build configuration list for PBXProject "CAGradientLayer" */;
			compatibilityVersion = "Xcode 3.2";
			developmentRegion = English;
			hasScannedForEncodings = 0;
			knownRegions = (
				en,
				Base,
			);
			mainGroup = 9EA51EC61DF7B08A001FACAD;
			productRefGroup = 9EA51ED01DF7B08A001FACAD /* Products */;
			projectDirPath = "";
			projectRoot = "";
			targets = (
				9EA51ECE1DF7B08A001FACAD /* CAGradientLayer */,
				9EA51EE71DF7B08A001FACAD /* CAGradientLayerTests */,
				9EA51EF21DF7B08A001FACAD /* CAGradientLayerUITests */,
			);
		};
/* End PBXProject section */

/* Begin PBXResourcesBuildPhase section */
		9EA51ECD1DF7B08A001FACAD /* Resources */ = {
			isa = PBXResourcesBuildPhase;
			buildActionMask = 2147483647;
			files = (
				9EA51EE21DF7B08A001FACAD /* LaunchScreen.storyboard in Resources */,
				9EA51EDF1DF7B08A001FACAD /* Assets.xcassets in Resources */,
				9EA51EDD1DF7B08A001FACAD /* Main.storyboard in Resources */,
			);
			runOnlyForDeploymentPostprocessing = 0;
		};
		9EA51EE61DF7B08A001FACAD /* Resources */ = {
			isa = PBXResourcesBuildPhase;
			buildActionMask = 2147483647;
			files = (
			);
			runOnlyForDeploymentPostprocessing = 0;
		};
		9EA51EF11DF7B08A001FACAD /* Resources */ = {
			isa = PBXResourcesBuildPhase;
			buildActionMask = 2147483647;
			files = (
			);
			runOnlyForDeploymentPostprocessing = 0;
		};
/* End PBXResourcesBuildPhase section */

/* Begin PBXSourcesBuildPhase section */
		9EA51ECB1DF7B08A001FACAD /* Sources */ = {
			isa = PBXSourcesBuildPhase;
			buildActionMask = 2147483647;
			files = (
				9EA51F081DF7DCC5001FACAD /* ViewController1.m in Sources */,
				9EA51F111DF7FEF5001FACAD /* TableViewController.m in Sources */,
				9EA51EDA1DF7B08A001FACAD /* ViewController.m in Sources */,
				9EA51F0B1DF7DCD0001FACAD /* ViewController2.m in Sources */,
				9EA51ED71DF7B08A001FACAD /* AppDelegate.m in Sources */,
				9EA51ED41DF7B08A001FACAD /* main.m in Sources */,
			);
			runOnlyForDeploymentPostprocessing = 0;
		};
		9EA51EE41DF7B08A001FACAD /* Sources */ = {
			isa = PBXSourcesBuildPhase;
			buildActionMask = 2147483647;
			files = (
				9EA51EED1DF7B08A001FACAD /* CAGradientLayerTests.m in Sources */,
			);
			runOnlyForDeploymentPostprocessing = 0;
		};
		9EA51EEF1DF7B08A001FACAD /* Sources */ = {
			isa = PBXSourcesBuildPhase;
			buildActionMask = 2147483647;
			files = (
				9EA51EF81DF7B08A001FACAD /* CAGradientLayerUITests.m in Sources */,
			);
			runOnlyForDeploymentPostprocessing = 0;
		};
/* End PBXSourcesBuildPhase section */

/* Begin PBXTargetDependency section */
		9EA51EEA1DF7B08A001FACAD /* PBXTargetDependency */ = {
			isa = PBXTargetDependency;
			target = 9EA51ECE1DF7B08A001FACAD /* CAGradientLayer */;
			targetProxy = 9EA51EE91DF7B08A001FACAD /* PBXContainerItemProxy */;
		};
		9EA51EF51DF7B08A001FACAD /* PBXTargetDependency */ = {
			isa = PBXTargetDependency;
			target = 9EA51ECE1DF7B08A001FACAD /* CAGradientLayer */;
			targetProxy = 9EA51EF41DF7B08A001FACAD /* PBXContainerItemProxy */;
		};
/* End PBXTargetDependency section */

/* Begin PBXVariantGroup section */
		9EA51EDB1DF7B08A001FACAD /* Main.storyboard */ = {
			isa = PBXVariantGroup;
			children = (
				9EA51EDC1DF7B08A001FACAD /* Base */,
			);
			name = Main.storyboard;
			sourceTree = "<group>";
		};
		9EA51EE01DF7B08A001FACAD /* LaunchScreen.storyboard */ = {
			isa = PBXVariantGroup;
			children = (
				9EA51EE11DF7B08A001FACAD /* Base */,
			);
			name = LaunchScreen.storyboard;
			sourceTree = "<group>";
		};
/* End PBXVariantGroup section */

/* Begin XCBuildConfiguration section */
		9EA51EFA1DF7B08A001FACAD /* Debug */ = {
			isa = XCBuildConfiguration;
			buildSettings = {
				ALWAYS_SEARCH_USER_PATHS = NO;
				CLANG_ANALYZER_NONNULL = YES;
				CLANG_CXX_LANGUAGE_STANDARD = "gnu++0x";
				CLANG_CXX_LIBRARY = "libc++";
				CLANG_ENABLE_MODULES = YES;
				CLANG_ENABLE_OBJC_ARC = YES;
				CLANG_WARN_BOOL_CONVERSION = YES;
				CLANG_WARN_CONSTANT_CONVERSION = YES;
				CLANG_WARN_DIRECT_OBJC_ISA_USAGE = YES_ERROR;
				CLANG_WARN_DOCUMENTATION_COMMENTS = YES;
				CLANG_WARN_EMPTY_BODY = YES;
				CLANG_WARN_ENUM_CONVERSION = YES;
				CLANG_WARN_INFINITE_RECURSION = YES;
				CLANG_WARN_INT_CONVERSION = YES;
				CLANG_WARN_OBJC_ROOT_CLASS = YES_ERROR;
				CLANG_WARN_SUSPICIOUS_MOVES = YES;
				CLANG_WARN_UNREACHABLE_CODE = YES;
				CLANG_WARN__DUPLICATE_METHOD_MATCH = YES;
				"CODE_SIGN_IDENTITY[sdk=iphoneos*]" = "iPhone Developer";
				COPY_PHASE_STRIP = NO;
				DEBUG_INFORMATION_FORMAT = dwarf;
				ENABLE_STRICT_OBJC_MSGSEND = YES;
				ENABLE_TESTABILITY = YES;
				GCC_C_LANGUAGE_STANDARD = gnu99;
				GCC_DYNAMIC_NO_PIC = NO;
				GCC_NO_COMMON_BLOCKS = YES;
				GCC_OPTIMIZATION_LEVEL = 0;
				GCC_PREPROCESSOR_DEFINITIONS = (
					"DEBUG=1",
					"$(inherited)",
				);
				GCC_WARN_64_TO_32_BIT_CONVERSION = YES;
				GCC_WARN_ABOUT_RETURN_TYPE = YES_ERROR;
				GCC_WARN_UNDECLARED_SELECTOR = YES;
				GCC_WARN_UNINITIALIZED_AUTOS = YES_AGGRESSIVE;
				GCC_WARN_UNUSED_FUNCTION = YES;
				GCC_WARN_UNUSED_VARIABLE = YES;
				IPHONEOS_DEPLOYMENT_TARGET = 10.1;
				MTL_ENABLE_DEBUG_INFO = YES;
				ONLY_ACTIVE_ARCH = YES;
				SDKROOT = iphoneos;
			};
			name = Debug;
		};
		9EA51EFB1DF7B08A001FACAD /* Release */ = {
			isa = XCBuildConfiguration;
			buildSettings = {
				ALWAYS_SEARCH_USER_PATHS = NO;
				CLANG_ANALYZER_NONNULL = YES;
				CLANG_CXX_LANGUAGE_STANDARD = "gnu++0x";
				CLANG_CXX_LIBRARY = "libc++";
				CLANG_ENABLE_MODULES = YES;
				CLANG_ENABLE_OBJC_ARC = YES;
				CLANG_WARN_BOOL_CONVERSION = YES;
				CLANG_WARN_CONSTANT_CONVERSION = YES;
				CLANG_WARN_DIRECT_OBJC_ISA_USAGE = YES_ERROR;
				CLANG_WARN_DOCUMENTATION_COMMENTS = YES;
				CLANG_WARN_EMPTY_BODY = YES;
				CLANG_WARN_ENUM_CONVERSION = YES;
				CLANG_WARN_INFINITE_RECURSION = YES;
				CLANG_WARN_INT_CONVERSION = YES;
				CLANG_WARN_OBJC_ROOT_CLASS = YES_ERROR;
				CLANG_WARN_SUSPICIOUS_MOVES = YES;
				CLANG_WARN_UNREACHABLE_CODE = YES;
				CLANG_WARN__DUPLICATE_METHOD_MATCH = YES;
				"CODE_SIGN_IDENTITY[sdk=iphoneos*]" = "iPhone Developer";
				COPY_PHASE_STRIP = NO;
				DEBUG_INFORMATION_FORMAT = "dwarf-with-dsym";
				ENABLE_NS_ASSERTIONS = NO;
				ENABLE_STRICT_OBJC_MSGSEND = YES;
				GCC_C_LANGUAGE_STANDARD = gnu99;
				GCC_NO_COMMON_BLOCKS = YES;
				GCC_WARN_64_TO_32_BIT_CONVERSION = YES;
				GCC_WARN_ABOUT_RETURN_TYPE = YES_ERROR;
				GCC_WARN_UNDECLARED_SELECTOR = YES;
				GCC_WARN_UNINITIALIZED_AUTOS = YES_AGGRESSIVE;
				GCC_WARN_UNUSED_FUNCTION = YES;
				GCC_WARN_UNUSED_VARIABLE = YES;
				IPHONEOS_DEPLOYMENT_TARGET = 10.1;
				MTL_ENABLE_DEBUG_INFO = NO;
				SDKROOT = iphoneos;
				VALIDATE_PRODUCT = YES;
			};
			name = Release;
		};
		9EA51EFD1DF7B08A001FACAD /* Debug */ = {
			isa = XCBuildConfiguration;
			buildSettings = {
				ASSETCATALOG_COMPILER_APPICON_NAME = AppIcon;
				DEVELOPMENT_TEAM = 638EB3H4SQ;
				INFOPLIST_FILE = CAGradientLayer/Info.plist;
				LD_RUNPATH_SEARCH_PATHS = "$(inherited) @executable_path/Frameworks";
				PRODUCT_BUNDLE_IDENTIFIER = com.Imco.CAGradientLayer;
				PRODUCT_NAME = "$(TARGET_NAME)";
			};
			name = Debug;
		};
		9EA51EFE1DF7B08A001FACAD /* Release */ = {
			isa = XCBuildConfiguration;
			buildSettings = {
				ASSETCATALOG_COMPILER_APPICON_NAME = AppIcon;
				DEVELOPMENT_TEAM = 638EB3H4SQ;
				INFOPLIST_FILE = CAGradientLayer/Info.plist;
				LD_RUNPATH_SEARCH_PATHS = "$(inherited) @executable_path/Frameworks";
				PRODUCT_BUNDLE_IDENTIFIER = com.Imco.CAGradientLayer;
				PRODUCT_NAME = "$(TARGET_NAME)";
			};
			name = Release;
		};
		9EA51F001DF7B08A001FACAD /* Debug */ = {
			isa = XCBuildConfiguration;
			buildSettings = {
				BUNDLE_LOADER = "$(TEST_HOST)";
				INFOPLIST_FILE = CAGradientLayerTests/Info.plist;
				LD_RUNPATH_SEARCH_PATHS = "$(inherited) @executable_path/Frameworks @loader_path/Frameworks";
				PRODUCT_BUNDLE_IDENTIFIER = com.Imco.CAGradientLayerTests;
				PRODUCT_NAME = "$(TARGET_NAME)";
				TEST_HOST = "$(BUILT_PRODUCTS_DIR)/CAGradientLayer.app/CAGradientLayer";
			};
			name = Debug;
		};
		9EA51F011DF7B08A001FACAD /* Release */ = {
			isa = XCBuildConfiguration;
			buildSettings = {
				BUNDLE_LOADER = "$(TEST_HOST)";
				INFOPLIST_FILE = CAGradientLayerTests/Info.plist;
				LD_RUNPATH_SEARCH_PATHS = "$(inherited) @executable_path/Frameworks @loader_path/Frameworks";
				PRODUCT_BUNDLE_IDENTIFIER = com.Imco.CAGradientLayerTests;
				PRODUCT_NAME = "$(TARGET_NAME)";
				TEST_HOST = "$(BUILT_PRODUCTS_DIR)/CAGradientLayer.app/CAGradientLayer";
			};
			name = Release;
		};
		9EA51F031DF7B08A001FACAD /* Debug */ = {
			isa = XCBuildConfiguration;
			buildSettings = {
				INFOPLIST_FILE = CAGradientLayerUITests/Info.plist;
				LD_RUNPATH_SEARCH_PATHS = "$(inherited) @executable_path/Frameworks @loader_path/Frameworks";
				PRODUCT_BUNDLE_IDENTIFIER = com.Imco.CAGradientLayerUITests;
				PRODUCT_NAME = "$(TARGET_NAME)";
				TEST_TARGET_NAME = CAGradientLayer;
			};
			name = Debug;
		};
		9EA51F041DF7B08A001FACAD /* Release */ = {
			isa = XCBuildConfiguration;
			buildSettings = {
				INFOPLIST_FILE = CAGradientLayerUITests/Info.plist;
				LD_RUNPATH_SEARCH_PATHS = "$(inherited) @executable_path/Frameworks @loader_path/Frameworks";
				PRODUCT_BUNDLE_IDENTIFIER = com.Imco.CAGradientLayerUITests;
				PRODUCT_NAME = "$(TARGET_NAME)";
				TEST_TARGET_NAME = CAGradientLayer;
			};
			name = Release;
		};
/* End XCBuildConfiguration section */

/* Begin XCConfigurationList section */
		9EA51ECA1DF7B08A001FACAD /* Build configuration list for PBXProject "CAGradientLayer" */ = {
			isa = XCConfigurationList;
			buildConfigurations = (
				9EA51EFA1DF7B08A001FACAD /* Debug */,
				9EA51EFB1DF7B08A001FACAD /* Release */,
			);
			defaultConfigurationIsVisible = 0;
			defaultConfigurationName = Release;
		};
		9EA51EFC1DF7B08A001FACAD /* Build configuration list for PBXNativeTarget "CAGradientLayer" */ = {
			isa = XCConfigurationList;
			buildConfigurations = (
				9EA51EFD1DF7B08A001FACAD /* Debug */,
				9EA51EFE1DF7B08A001FACAD /* Release */,
			);
			defaultConfigurationIsVisible = 0;
		};
		9EA51EFF1DF7B08A001FACAD /* Build configuration list for PBXNativeTarget "CAGradientLayerTests" */ = {
			isa = XCConfigurationList;
			buildConfigurations = (
				9EA51F001DF7B08A001FACAD /* Debug */,
				9EA51F011DF7B08A001FACAD /* Release */,
			);
			defaultConfigurationIsVisible = 0;
		};
		9EA51F021DF7B08A001FACAD /* Build configuration list for PBXNativeTarget "CAGradientLayerUITests" */ = {
			isa = XCConfigurationList;
			buildConfigurations = (
				9EA51F031DF7B08A001FACAD /* Debug */,
				9EA51F041DF7B08A001FACAD /* Release */,
			);
			defaultConfigurationIsVisible = 0;
		};
/* End XCConfigurationList section */
	};
	rootObject = 9EA51EC71DF7B08A001FACAD /* Project object */;
}
